// !$*UTF8*$!
{
	archiveVersion = 1;
	classes = {
	};
	objectVersion = 50;
	objects = {

/* Begin PBXBuildFile section */
		CABF118B269F5A4200641533 /* NotenappApp.swift in Sources */ = {isa = PBXBuildFile; fileRef = CABF118A269F5A4200641533 /* NotenappApp.swift */; };
		CABF118F269F5A4200641533 /* Assets.xcassets in Resources */ = {isa = PBXBuildFile; fileRef = CABF118E269F5A4200641533 /* Assets.xcassets */; };
		CABF1192269F5A4200641533 /* Preview Assets.xcassets in Resources */ = {isa = PBXBuildFile; fileRef = CABF1191269F5A4200641533 /* Preview Assets.xcassets */; };
		CABF1194269F5A4200641533 /* Persistence.swift in Sources */ = {isa = PBXBuildFile; fileRef = CABF1193269F5A4200641533 /* Persistence.swift */; };
		CABF1197269F5A4200641533 /* Notenapp.xcdatamodeld in Sources */ = {isa = PBXBuildFile; fileRef = CABF1195269F5A4200641533 /* Notenapp.xcdatamodeld */; };
		CABF11A3269F5BA400641533 /* Student.swift in Sources */ = {isa = PBXBuildFile; fileRef = CABF11A1269F5BA400641533 /* Student.swift */; };
		CABF11A4269F5BA400641533 /* GradeType.swift in Sources */ = {isa = PBXBuildFile; fileRef = CABF11A2269F5BA400641533 /* GradeType.swift */; };
		CABF11A6269F5BB900641533 /* Grade.swift in Sources */ = {isa = PBXBuildFile; fileRef = CABF11A5269F5BB900641533 /* Grade.swift */; };
		CABF11B1269F5DA800641533 /* GradeTypeSheetView.swift in Sources */ = {isa = PBXBuildFile; fileRef = CABF11A9269F5DA800641533 /* GradeTypeSheetView.swift */; };
		CABF11B2269F5DA800641533 /* GradeTypesTabView.swift in Sources */ = {isa = PBXBuildFile; fileRef = CABF11AA269F5DA800641533 /* GradeTypesTabView.swift */; };
		CABF11B3269F5DA800641533 /* TabSelectionView.swift in Sources */ = {isa = PBXBuildFile; fileRef = CABF11AB269F5DA800641533 /* TabSelectionView.swift */; };
		CABF11B4269F5DA800641533 /* StudentView.swift in Sources */ = {isa = PBXBuildFile; fileRef = CABF11AD269F5DA800641533 /* StudentView.swift */; };
		CABF11B5269F5DA800641533 /* StudentSheetView.swift in Sources */ = {isa = PBXBuildFile; fileRef = CABF11AE269F5DA800641533 /* StudentSheetView.swift */; };
		CABF11B6269F5DA800641533 /* StudentsTabView.swift in Sources */ = {isa = PBXBuildFile; fileRef = CABF11AF269F5DA800641533 /* StudentsTabView.swift */; };
		CABF11B7269F5DA800641533 /* GradeSheetView.swift in Sources */ = {isa = PBXBuildFile; fileRef = CABF11B0269F5DA800641533 /* GradeSheetView.swift */; };
		CABF11BA269F5E2200641533 /* SortBy.swift in Sources */ = {isa = PBXBuildFile; fileRef = CABF11B9269F5E2200641533 /* SortBy.swift */; };
/* End PBXBuildFile section */

/* Begin PBXFileReference section */
		CABF1187269F5A4200641533 /* Notenapp.app */ = {isa = PBXFileReference; explicitFileType = wrapper.application; includeInIndex = 0; path = Notenapp.app; sourceTree = BUILT_PRODUCTS_DIR; };
		CABF118A269F5A4200641533 /* NotenappApp.swift */ = {isa = PBXFileReference; lastKnownFileType = sourcecode.swift; path = NotenappApp.swift; sourceTree = "<group>"; };
		CABF118E269F5A4200641533 /* Assets.xcassets */ = {isa = PBXFileReference; lastKnownFileType = folder.assetcatalog; path = Assets.xcassets; sourceTree = "<group>"; };
		CABF1191269F5A4200641533 /* Preview Assets.xcassets */ = {isa = PBXFileReference; lastKnownFileType = folder.assetcatalog; path = "Preview Assets.xcassets"; sourceTree = "<group>"; };
		CABF1193269F5A4200641533 /* Persistence.swift */ = {isa = PBXFileReference; lastKnownFileType = sourcecode.swift; path = Persistence.swift; sourceTree = "<group>"; };
		CABF1196269F5A4200641533 /* Notenapp.xcdatamodel */ = {isa = PBXFileReference; lastKnownFileType = wrapper.xcdatamodel; path = Notenapp.xcdatamodel; sourceTree = "<group>"; };
		CABF1198269F5A4200641533 /* Info.plist */ = {isa = PBXFileReference; lastKnownFileType = text.plist.xml; path = Info.plist; sourceTree = "<group>"; };
		CABF11A1269F5BA400641533 /* Student.swift */ = {isa = PBXFileReference; fileEncoding = 4; lastKnownFileType = sourcecode.swift; path = Student.swift; sourceTree = "<group>"; };
		CABF11A2269F5BA400641533 /* GradeType.swift */ = {isa = PBXFileReference; fileEncoding = 4; lastKnownFileType = sourcecode.swift; path = GradeType.swift; sourceTree = "<group>"; };
		CABF11A5269F5BB900641533 /* Grade.swift */ = {isa = PBXFileReference; fileEncoding = 4; lastKnownFileType = sourcecode.swift; path = Grade.swift; sourceTree = "<group>"; };
		CABF11A9269F5DA800641533 /* GradeTypeSheetView.swift */ = {isa = PBXFileReference; fileEncoding = 4; lastKnownFileType = sourcecode.swift; path = GradeTypeSheetView.swift; sourceTree = "<group>"; };
		CABF11AA269F5DA800641533 /* GradeTypesTabView.swift */ = {isa = PBXFileReference; fileEncoding = 4; lastKnownFileType = sourcecode.swift; path = GradeTypesTabView.swift; sourceTree = "<group>"; };
		CABF11AB269F5DA800641533 /* TabSelectionView.swift */ = {isa = PBXFileReference; fileEncoding = 4; lastKnownFileType = sourcecode.swift; path = TabSelectionView.swift; sourceTree = "<group>"; };
		CABF11AD269F5DA800641533 /* StudentView.swift */ = {isa = PBXFileReference; fileEncoding = 4; lastKnownFileType = sourcecode.swift; path = StudentView.swift; sourceTree = "<group>"; };
		CABF11AE269F5DA800641533 /* StudentSheetView.swift */ = {isa = PBXFileReference; fileEncoding = 4; lastKnownFileType = sourcecode.swift; path = StudentSheetView.swift; sourceTree = "<group>"; };
		CABF11AF269F5DA800641533 /* StudentsTabView.swift */ = {isa = PBXFileReference; fileEncoding = 4; lastKnownFileType = sourcecode.swift; path = StudentsTabView.swift; sourceTree = "<group>"; };
		CABF11B0269F5DA800641533 /* GradeSheetView.swift */ = {isa = PBXFileReference; fileEncoding = 4; lastKnownFileType = sourcecode.swift; path = GradeSheetView.swift; sourceTree = "<group>"; };
		CABF11B9269F5E2200641533 /* SortBy.swift */ = {isa = PBXFileReference; fileEncoding = 4; lastKnownFileType = sourcecode.swift; path = SortBy.swift; sourceTree = "<group>"; };
/* End PBXFileReference section */

/* Begin PBXFrameworksBuildPhase section */
		CABF1184269F5A4200641533 /* Frameworks */ = {
			isa = PBXFrameworksBuildPhase;
			buildActionMask = 2147483647;
			files = (
			);
			runOnlyForDeploymentPostprocessing = 0;
		};
/* End PBXFrameworksBuildPhase section */

/* Begin PBXGroup section */
		CABF117E269F5A4200641533 = {
			isa = PBXGroup;
			children = (
				CABF1189269F5A4200641533 /* Notenapp */,
				CABF1188269F5A4200641533 /* Products */,
			);
			sourceTree = "<group>";
		};
		CABF1188269F5A4200641533 /* Products */ = {
			isa = PBXGroup;
			children = (
				CABF1187269F5A4200641533 /* Notenapp.app */,
			);
			name = Products;
			sourceTree = "<group>";
		};
		CABF1189269F5A4200641533 /* Notenapp */ = {
			isa = PBXGroup;
			children = (
				CABF118A269F5A4200641533 /* NotenappApp.swift */,
				CABF11A7269F5D8000641533 /* Views */,
				CABF119F269F5B6F00641533 /* Models */,
				CABF118E269F5A4200641533 /* Assets.xcassets */,
				CABF1198269F5A4200641533 /* Info.plist */,
				CABF1190269F5A4200641533 /* Preview Content */,
			);
			path = Notenapp;
			sourceTree = "<group>";
		};
		CABF1190269F5A4200641533 /* Preview Content */ = {
			isa = PBXGroup;
			children = (
				CABF1191269F5A4200641533 /* Preview Assets.xcassets */,
			);
			path = "Preview Content";
			sourceTree = "<group>";
		};
		CABF119F269F5B6F00641533 /* Models */ = {
			isa = PBXGroup;
			children = (
				CABF11A0269F5B7300641533 /* CoreData */,
				CABF11A5269F5BB900641533 /* Grade.swift */,
				CABF11B9269F5E2200641533 /* SortBy.swift */,
			);
			path = Models;
			sourceTree = "<group>";
		};
		CABF11A0269F5B7300641533 /* CoreData */ = {
			isa = PBXGroup;
			children = (
				CABF11A2269F5BA400641533 /* GradeType.swift */,
				CABF11A1269F5BA400641533 /* Student.swift */,
				CABF1193269F5A4200641533 /* Persistence.swift */,
				CABF1195269F5A4200641533 /* Notenapp.xcdatamodeld */,
			);
			path = CoreData;
			sourceTree = "<group>";
		};
		CABF11A7269F5D8000641533 /* Views */ = {
			isa = PBXGroup;
			children = (
				CABF11AB269F5DA800641533 /* TabSelectionView.swift */,
				CABF11AC269F5DA800641533 /* StudentsTab */,
				CABF11A8269F5DA800641533 /* GradeTypesTab */,
			);
			path = Views;
			sourceTree = "<group>";
		};
		CABF11A8269F5DA800641533 /* GradeTypesTab */ = {
			isa = PBXGroup;
			children = (
				CABF11AA269F5DA800641533 /* GradeTypesTabView.swift */,
				CABF11A9269F5DA800641533 /* GradeTypeSheetView.swift */,
			);
			path = GradeTypesTab;
			sourceTree = "<group>";
		};
		CABF11AC269F5DA800641533 /* StudentsTab */ = {
			isa = PBXGroup;
			children = (
				CABF11AF269F5DA800641533 /* StudentsTabView.swift */,
				CABF11AE269F5DA800641533 /* StudentSheetView.swift */,
				CABF11B8269F5DFD00641533 /* StudentViews */,
			);
			path = StudentsTab;
			sourceTree = "<group>";
		};
		CABF11B8269F5DFD00641533 /* StudentViews */ = {
			isa = PBXGroup;
			children = (
				CABF11AD269F5DA800641533 /* StudentView.swift */,
				CABF11B0269F5DA800641533 /* GradeSheetView.swift */,
			);
			path = StudentViews;
			sourceTree = "<group>";
		};
/* End PBXGroup section */

/* Begin PBXNativeTarget section */
		CABF1186269F5A4200641533 /* Notenapp */ = {
			isa = PBXNativeTarget;
			buildConfigurationList = CABF119B269F5A4200641533 /* Build configuration list for PBXNativeTarget "Notenapp" */;
			buildPhases = (
				CABF1183269F5A4200641533 /* Sources */,
				CABF1184269F5A4200641533 /* Frameworks */,
				CABF1185269F5A4200641533 /* Resources */,
			);
			buildRules = (
			);
			dependencies = (
			);
			name = Notenapp;
			productName = Notenapp;
			productReference = CABF1187269F5A4200641533 /* Notenapp.app */;
			productType = "com.apple.product-type.application";
		};
/* End PBXNativeTarget section */

/* Begin PBXProject section */
		CABF117F269F5A4200641533 /* Project object */ = {
			isa = PBXProject;
			attributes = {
				LastSwiftUpdateCheck = 1250;
				LastUpgradeCheck = 1250;
				TargetAttributes = {
					CABF1186269F5A4200641533 = {
						CreatedOnToolsVersion = 12.5.1;
					};
				};
			};
			buildConfigurationList = CABF1182269F5A4200641533 /* Build configuration list for PBXProject "Notenapp" */;
			compatibilityVersion = "Xcode 9.3";
			developmentRegion = en;
			hasScannedForEncodings = 0;
			knownRegions = (
				en,
				Base,
			);
			mainGroup = CABF117E269F5A4200641533;
			productRefGroup = CABF1188269F5A4200641533 /* Products */;
			projectDirPath = "";
			projectRoot = "";
			targets = (
				CABF1186269F5A4200641533 /* Notenapp */,
			);
		};
/* End PBXProject section */

/* Begin PBXResourcesBuildPhase section */
		CABF1185269F5A4200641533 /* Resources */ = {
			isa = PBXResourcesBuildPhase;
			buildActionMask = 2147483647;
			files = (
				CABF1192269F5A4200641533 /* Preview Assets.xcassets in Resources */,
				CABF118F269F5A4200641533 /* Assets.xcassets in Resources */,
			);
			runOnlyForDeploymentPostprocessing = 0;
		};
/* End PBXResourcesBuildPhase section */

/* Begin PBXSourcesBuildPhase section */
		CABF1183269F5A4200641533 /* Sources */ = {
			isa = PBXSourcesBuildPhase;
			buildActionMask = 2147483647;
			files = (
				CABF11B6269F5DA800641533 /* StudentsTabView.swift in Sources */,
				CABF1194269F5A4200641533 /* Persistence.swift in Sources */,
				CABF1197269F5A4200641533 /* Notenapp.xcdatamodeld in Sources */,
				CABF11B5269F5DA800641533 /* StudentSheetView.swift in Sources */,
				CABF11B7269F5DA800641533 /* GradeSheetView.swift in Sources */,
				CABF11B1269F5DA800641533 /* GradeTypeSheetView.swift in Sources */,
				CABF11BA269F5E2200641533 /* SortBy.swift in Sources */,
				CABF11A4269F5BA400641533 /* GradeType.swift in Sources */,
				CABF11B3269F5DA800641533 /* TabSelectionView.swift in Sources */,
				CABF11B2269F5DA800641533 /* GradeTypesTabView.swift in Sources */,
				CABF11A6269F5BB900641533 /* Grade.swift in Sources */,
				CABF11A3269F5BA400641533 /* Student.swift in Sources */,
				CABF11B4269F5DA800641533 /* StudentView.swift in Sources */,
				CABF118B269F5A4200641533 /* NotenappApp.swift in Sources */,
			);
			runOnlyForDeploymentPostprocessing = 0;
		};
/* End PBXSourcesBuildPhase section */

/* Begin XCBuildConfiguration section */
		CABF1199269F5A4200641533 /* Debug */ = {
			isa = XCBuildConfiguration;
			buildSettings = {
				ALWAYS_SEARCH_USER_PATHS = NO;
				CLANG_ANALYZER_NONNULL = YES;
				CLANG_ANALYZER_NUMBER_OBJECT_CONVERSION = YES_AGGRESSIVE;
				CLANG_CXX_LANGUAGE_STANDARD = "gnu++14";
				CLANG_CXX_LIBRARY = "libc++";
				CLANG_ENABLE_MODULES = YES;
				CLANG_ENABLE_OBJC_ARC = YES;
				CLANG_ENABLE_OBJC_WEAK = YES;
				CLANG_WARN_BLOCK_CAPTURE_AUTORELEASING = YES;
				CLANG_WARN_BOOL_CONVERSION = YES;
				CLANG_WARN_COMMA = YES;
				CLANG_WARN_CONSTANT_CONVERSION = YES;
				CLANG_WARN_DEPRECATED_OBJC_IMPLEMENTATIONS = YES;
				CLANG_WARN_DIRECT_OBJC_ISA_USAGE = YES_ERROR;
				CLANG_WARN_DOCUMENTATION_COMMENTS = YES;
				CLANG_WARN_EMPTY_BODY = YES;
				CLANG_WARN_ENUM_CONVERSION = YES;
				CLANG_WARN_INFINITE_RECURSION = YES;
				CLANG_WARN_INT_CONVERSION = YES;
				CLANG_WARN_NON_LITERAL_NULL_CONVERSION = YES;
				CLANG_WARN_OBJC_IMPLICIT_RETAIN_SELF = YES;
				CLANG_WARN_OBJC_LITERAL_CONVERSION = YES;
				CLANG_WARN_OBJC_ROOT_CLASS = YES_ERROR;
				CLANG_WARN_QUOTED_INCLUDE_IN_FRAMEWORK_HEADER = YES;
				CLANG_WARN_RANGE_LOOP_ANALYSIS = YES;
				CLANG_WARN_STRICT_PROTOTYPES = YES;
				CLANG_WARN_SUSPICIOUS_MOVE = YES;
				CLANG_WARN_UNGUARDED_AVAILABILITY = YES_AGGRESSIVE;
				CLANG_WARN_UNREACHABLE_CODE = YES;
				CLANG_WARN__DUPLICATE_METHOD_MATCH = YES;
				COPY_PHASE_STRIP = NO;
				DEBUG_INFORMATION_FORMAT = dwarf;
				ENABLE_STRICT_OBJC_MSGSEND = YES;
				ENABLE_TESTABILITY = YES;
				GCC_C_LANGUAGE_STANDARD = gnu11;
				GCC_DYNAMIC_NO_PIC = NO;
				GCC_NO_COMMON_BLOCKS = YES;
				GCC_OPTIMIZATION_LEVEL = 0;
				GCC_PREPROCESSOR_DEFINITIONS = (
					"DEBUG=1",
					"$(inherited)",
				);
				GCC_WARN_64_TO_32_BIT_CONVERSION = YES;
				GCC_WARN_ABOUT_RETURN_TYPE = YES_ERROR;
				GCC_WARN_UNDECLARED_SELECTOR = YES;
				GCC_WARN_UNINITIALIZED_AUTOS = YES_AGGRESSIVE;
				GCC_WARN_UNUSED_FUNCTION = YES;
				GCC_WARN_UNUSED_VARIABLE = YES;
				IPHONEOS_DEPLOYMENT_TARGET = 14.5;
				MTL_ENABLE_DEBUG_INFO = INCLUDE_SOURCE;
				MTL_FAST_MATH = YES;
				ONLY_ACTIVE_ARCH = YES;
				SDKROOT = iphoneos;
				SWIFT_ACTIVE_COMPILATION_CONDITIONS = DEBUG;
				SWIFT_OPTIMIZATION_LEVEL = "-Onone";
			};
			name = Debug;
		};
		CABF119A269F5A4200641533 /* Release */ = {
			isa = XCBuildConfiguration;
			buildSettings = {
				ALWAYS_SEARCH_USER_PATHS = NO;
				CLANG_ANALYZER_NONNULL = YES;
				CLANG_ANALYZER_NUMBER_OBJECT_CONVERSION = YES_AGGRESSIVE;
				CLANG_CXX_LANGUAGE_STANDARD = "gnu++14";
				CLANG_CXX_LIBRARY = "libc++";
				CLANG_ENABLE_MODULES = YES;
				CLANG_ENABLE_OBJC_ARC = YES;
				CLANG_ENABLE_OBJC_WEAK = YES;
				CLANG_WARN_BLOCK_CAPTURE_AUTORELEASING = YES;
				CLANG_WARN_BOOL_CONVERSION = YES;
				CLANG_WARN_COMMA = YES;
				CLANG_WARN_CONSTANT_CONVERSION = YES;
				CLANG_WARN_DEPRECATED_OBJC_IMPLEMENTATIONS = YES;
				CLANG_WARN_DIRECT_OBJC_ISA_USAGE = YES_ERROR;
				CLANG_WARN_DOCUMENTATION_COMMENTS = YES;
				CLANG_WARN_EMPTY_BODY = YES;
				CLANG_WARN_ENUM_CONVERSION = YES;
				CLANG_WARN_INFINITE_RECURSION = YES;
				CLANG_WARN_INT_CONVERSION = YES;
				CLANG_WARN_NON_LITERAL_NULL_CONVERSION = YES;
				CLANG_WARN_OBJC_IMPLICIT_RETAIN_SELF = YES;
				CLANG_WARN_OBJC_LITERAL_CONVERSION = YES;
				CLANG_WARN_OBJC_ROOT_CLASS = YES_ERROR;
				CLANG_WARN_QUOTED_INCLUDE_IN_FRAMEWORK_HEADER = YES;
				CLANG_WARN_RANGE_LOOP_ANALYSIS = YES;
				CLANG_WARN_STRICT_PROTOTYPES = YES;
				CLANG_WARN_SUSPICIOUS_MOVE = YES;
				CLANG_WARN_UNGUARDED_AVAILABILITY = YES_AGGRESSIVE;
				CLANG_WARN_UNREACHABLE_CODE = YES;
				CLANG_WARN__DUPLICATE_METHOD_MATCH = YES;
				COPY_PHASE_STRIP = NO;
				DEBUG_INFORMATION_FORMAT = "dwarf-with-dsym";
				ENABLE_NS_ASSERTIONS = NO;
				ENABLE_STRICT_OBJC_MSGSEND = YES;
				GCC_C_LANGUAGE_STANDARD = gnu11;
				GCC_NO_COMMON_BLOCKS = YES;
				GCC_WARN_64_TO_32_BIT_CONVERSION = YES;
				GCC_WARN_ABOUT_RETURN_TYPE = YES_ERROR;
				GCC_WARN_UNDECLARED_SELECTOR = YES;
				GCC_WARN_UNINITIALIZED_AUTOS = YES_AGGRESSIVE;
				GCC_WARN_UNUSED_FUNCTION = YES;
				GCC_WARN_UNUSED_VARIABLE = YES;
				IPHONEOS_DEPLOYMENT_TARGET = 14.5;
				MTL_ENABLE_DEBUG_INFO = NO;
				MTL_FAST_MATH = YES;
				SDKROOT = iphoneos;
				SWIFT_COMPILATION_MODE = wholemodule;
				SWIFT_OPTIMIZATION_LEVEL = "-O";
				VALIDATE_PRODUCT = YES;
			};
			name = Release;
		};
		CABF119C269F5A4200641533 /* Debug */ = {
			isa = XCBuildConfiguration;
			buildSettings = {
				ASSETCATALOG_COMPILER_APPICON_NAME = AppIcon;
				ASSETCATALOG_COMPILER_GLOBAL_ACCENT_COLOR_NAME = AccentColor;
				CODE_SIGN_STYLE = Automatic;
				DEVELOPMENT_ASSET_PATHS = "\"Notenapp/Preview Content\"";
				DEVELOPMENT_TEAM = N6245FWCVQ;
				ENABLE_PREVIEWS = YES;
				INFOPLIST_FILE = Notenapp/Info.plist;
				IPHONEOS_DEPLOYMENT_TARGET = 14.0;
				LD_RUNPATH_SEARCH_PATHS = (
					"$(inherited)",
					"@executable_path/Frameworks",
				);
				PRODUCT_BUNDLE_IDENTIFIER = com.lucaszischka.Notenapp;
				PRODUCT_NAME = "$(TARGET_NAME)";
				SWIFT_VERSION = 5.0;
				TARGETED_DEVICE_FAMILY = "1,2";
			};
			name = Debug;
		};
		CABF119D269F5A4200641533 /* Release */ = {
			isa = XCBuildConfiguration;
			buildSettings = {
				ASSETCATALOG_COMPILER_APPICON_NAME = AppIcon;
				ASSETCATALOG_COMPILER_GLOBAL_ACCENT_COLOR_NAME = AccentColor;
				CODE_SIGN_STYLE = Automatic;
				DEVELOPMENT_ASSET_PATHS = "\"Notenapp/Preview Content\"";
				DEVELOPMENT_TEAM = N6245FWCVQ;
				ENABLE_PREVIEWS = YES;
				INFOPLIST_FILE = Notenapp/Info.plist;
				IPHONEOS_DEPLOYMENT_TARGET = 14.0;
				LD_RUNPATH_SEARCH_PATHS = (
					"$(inherited)",
					"@executable_path/Frameworks",
				);
				PRODUCT_BUNDLE_IDENTIFIER = com.lucaszischka.Notenapp;
				PRODUCT_NAME = "$(TARGET_NAME)";
				SWIFT_VERSION = 5.0;
				TARGETED_DEVICE_FAMILY = "1,2";
			};
			name = Release;
		};
/* End XCBuildConfiguration section */

/* Begin XCConfigurationList section */
		CABF1182269F5A4200641533 /* Build configuration list for PBXProject "Notenapp" */ = {
			isa = XCConfigurationList;
			buildConfigurations = (
				CABF1199269F5A4200641533 /* Debug */,
				CABF119A269F5A4200641533 /* Release */,
			);
			defaultConfigurationIsVisible = 0;
			defaultConfigurationName = Release;
		};
		CABF119B269F5A4200641533 /* Build configuration list for PBXNativeTarget "Notenapp" */ = {
			isa = XCConfigurationList;
			buildConfigurations = (
				CABF119C269F5A4200641533 /* Debug */,
				CABF119D269F5A4200641533 /* Release */,
			);
			defaultConfigurationIsVisible = 0;
			defaultConfigurationName = Release;
		};
/* End XCConfigurationList section */

/* Begin XCVersionGroup section */
		CABF1195269F5A4200641533 /* Notenapp.xcdatamodeld */ = {
			isa = XCVersionGroup;
			children = (
				CABF1196269F5A4200641533 /* Notenapp.xcdatamodel */,
			);
			currentVersion = CABF1196269F5A4200641533 /* Notenapp.xcdatamodel */;
			path = Notenapp.xcdatamodeld;
			sourceTree = "<group>";
			versionGroupType = wrapper.xcdatamodel;
		};
/* End XCVersionGroup section */
	};
	rootObject = CABF117F269F5A4200641533 /* Project object */;
}
